
Microsoft Visual Studio Solution File, Format Version 12.00
# Visual Studio Version 16
VisualStudioVersion = 16.0.31005.135
MinimumVisualStudioVersion = 10.0.40219.1
Project("{FAE04EC0-301F-11D3-BF4B-00C04F79EFBC}") = "boolean_while", "boolean_while\boolean_while.csproj", "{2E8A840F-3CC2-4445-8473-20A6D7FD21DB}"
EndProject
Global
	GlobalSection(SolutionConfigurationPlatforms) = preSolution
		Debug|Any CPU = Debug|Any CPU
		Release|Any CPU = Release|Any CPU
	EndGlobalSection
	GlobalSection(ProjectConfigurationPlatforms) = postSolution
		{2E8A840F-3CC2-4445-8473-20A6D7FD21DB}.Debug|Any CPU.ActiveCfg = Debug|Any CPU
		{2E8A840F-3CC2-4445-8473-20A6D7FD21DB}.Debug|Any CPU.Build.0 = Debug|Any CPU
		{2E8A840F-3CC2-4445-8473-20A6D7FD21DB}.Release|Any CPU.ActiveCfg = Release|Any CPU
		{2E8A840F-3CC2-4445-8473-20A6D7FD21DB}.Release|Any CPU.Build.0 = Release|Any CPU
	EndGlobalSection
	GlobalSection(SolutionProperties) = preSolution
		HideSolutionNode = FALSE
	EndGlobalSection
	GlobalSection(ExtensibilityGlobals) = postSolution
		SolutionGuid = {ACE55B81-9CC4-4771-AFAB-A727CDE33179}
	EndGlobalSection
EndGlobal
