
Microsoft Visual Studio Solution File, Format Version 12.00
# Visual Studio Version 16
VisualStudioVersion = 16.0.31005.135
MinimumVisualStudioVersion = 10.0.40219.1
Project("{FAE04EC0-301F-11D3-BF4B-00C04F79EFBC}") = "Console_App-Assign", "Console_App-Assign\Console_App-Assign.csproj", "{00E44B34-C00A-424F-81FE-ECF61FD25B20}"
EndProject
Global
	GlobalSection(SolutionConfigurationPlatforms) = preSolution
		Debug|Any CPU = Debug|Any CPU
		Release|Any CPU = Release|Any CPU
	EndGlobalSection
	GlobalSection(ProjectConfigurationPlatforms) = postSolution
		{00E44B34-C00A-424F-81FE-ECF61FD25B20}.Debug|Any CPU.ActiveCfg = Debug|Any CPU
		{00E44B34-C00A-424F-81FE-ECF61FD25B20}.Debug|Any CPU.Build.0 = Debug|Any CPU
		{00E44B34-C00A-424F-81FE-ECF61FD25B20}.Release|Any CPU.ActiveCfg = Release|Any CPU
		{00E44B34-C00A-424F-81FE-ECF61FD25B20}.Release|Any CPU.Build.0 = Release|Any CPU
	EndGlobalSection
	GlobalSection(SolutionProperties) = preSolution
		HideSolutionNode = FALSE
	EndGlobalSection
	GlobalSection(ExtensibilityGlobals) = postSolution
		SolutionGuid = {9F0BDD0B-7AFF-4CA6-9857-01792D5D1B9D}
	EndGlobalSection
EndGlobal
